
Microsoft Visual Studio Solution File, Format Version 12.00
# Visual Studio Version 17
VisualStudioVersion = 17.12.35527.113
MinimumVisualStudioVersion = 10.0.40219.1
Project("{FAE04EC0-301F-11D3-BF4B-00C04F79EFBC}") = "demo", "demo\demo.csproj", "{427A746E-FBC6-4F30-8BC9-52201B1550A2}"
EndProject
Project("{FAE04EC0-301F-11D3-BF4B-00C04F79EFBC}") = "assignment02", "assignment02\assignment02.csproj", "{40EC2C3B-E986-4907-8DED-3A50E4E2879F}"
EndProject
Global
	GlobalSection(SolutionConfigurationPlatforms) = preSolution
		Debug|Any CPU = Debug|Any CPU
		Release|Any CPU = Release|Any CPU
	EndGlobalSection
	GlobalSection(ProjectConfigurationPlatforms) = postSolution
		{427A746E-FBC6-4F30-8BC9-52201B1550A2}.Debug|Any CPU.ActiveCfg = Debug|Any CPU
		{427A746E-FBC6-4F30-8BC9-52201B1550A2}.Debug|Any CPU.Build.0 = Debug|Any CPU
		{427A746E-FBC6-4F30-8BC9-52201B1550A2}.Release|Any CPU.ActiveCfg = Release|Any CPU
		{427A746E-FBC6-4F30-8BC9-52201B1550A2}.Release|Any CPU.Build.0 = Release|Any CPU
		{40EC2C3B-E986-4907-8DED-3A50E4E2879F}.Debug|Any CPU.ActiveCfg = Debug|Any CPU
		{40EC2C3B-E986-4907-8DED-3A50E4E2879F}.Debug|Any CPU.Build.0 = Debug|Any CPU
		{40EC2C3B-E986-4907-8DED-3A50E4E2879F}.Release|Any CPU.ActiveCfg = Release|Any CPU
		{40EC2C3B-E986-4907-8DED-3A50E4E2879F}.Release|Any CPU.Build.0 = Release|Any CPU
	EndGlobalSection
	GlobalSection(SolutionProperties) = preSolution
		HideSolutionNode = FALSE
	EndGlobalSection
EndGlobal
